// !$*UTF8*$!
{
	archiveVersion = 1;
	classes = {
	};
	objectVersion = 55;
	objects = {

/* Begin PBXBuildFile section */
		905385FB293C0D70000750EA /* GoogleMobileAds in Frameworks */ = {isa = PBXBuildFile; productRef = 905385FA293C0D70000750EA /* GoogleMobileAds */; };
		905385FD293C0EED000750EA /* BannerAdViewController.swift in Sources */ = {isa = PBXBuildFile; fileRef = 905385FC293C0EED000750EA /* BannerAdViewController.swift */; };
		905385FF293C0EF5000750EA /* BannerAd.swift in Sources */ = {isa = PBXBuildFile; fileRef = 905385FE293C0EF5000750EA /* BannerAd.swift */; };
		9059965728F37F5A006FD733 /* MTAStopTimeUpdate.swift in Sources */ = {isa = PBXBuildFile; fileRef = 9059965628F37F5A006FD733 /* MTAStopTimeUpdate.swift */; };
		9059965928F37F6A006FD733 /* MTATripUpdate.swift in Sources */ = {isa = PBXBuildFile; fileRef = 9059965828F37F6A006FD733 /* MTATripUpdate.swift */; };
		905AD685293176A8006110E2 /* MTAFeedDownloader.swift in Sources */ = {isa = PBXBuildFile; fileRef = 905AD684293176A8006110E2 /* MTAFeedDownloader.swift */; };
		905AD68729317EE7006110E2 /* MTAFeedWrapper.swift in Sources */ = {isa = PBXBuildFile; fileRef = 905AD68629317EE7006110E2 /* MTAFeedWrapper.swift */; };
		90672E4328CFE0FF00B4BF74 /* ViewModel.swift in Sources */ = {isa = PBXBuildFile; fileRef = 90672E4228CFE0FF00B4BF74 /* ViewModel.swift */; };
		906B5EE92935287B00B820A6 /* DistanceUnit.swift in Sources */ = {isa = PBXBuildFile; fileRef = 906B5EE82935287B00B820A6 /* DistanceUnit.swift */; };
		906B5EEB29353A9E00B820A6 /* SettingsView.swift in Sources */ = {isa = PBXBuildFile; fileRef = 906B5EEA29353A9E00B820A6 /* SettingsView.swift */; };
		90720791292ED615002DA887 /* LocationHelper.swift in Sources */ = {isa = PBXBuildFile; fileRef = 90720790292ED615002DA887 /* LocationHelper.swift */; };
		90783D8A296CC3960038A25B /* RouteLabel.swift in Sources */ = {isa = PBXBuildFile; fileRef = 90783D89296CC3960038A25B /* RouteLabel.swift */; };
		9079EEC42958C91100F8F6FE /* RestDownloader.swift in Sources */ = {isa = PBXBuildFile; fileRef = 9079EEC32958C91100F8F6FE /* RestDownloader.swift */; };
		9079EECC2959057800F8F6FE /* MTANearbyTests.swift in Sources */ = {isa = PBXBuildFile; fileRef = 9079EECB2959057800F8F6FE /* MTANearbyTests.swift */; };
		907F0DED296DD8B6005DA23E /* WatchMTANearbyApp.swift in Sources */ = {isa = PBXBuildFile; fileRef = 907F0DEC296DD8B6005DA23E /* WatchMTANearbyApp.swift */; };
		907F0DEF296DD8B6005DA23E /* ContentView.swift in Sources */ = {isa = PBXBuildFile; fileRef = 907F0DEE296DD8B6005DA23E /* ContentView.swift */; };
		907F0DF1296DD8B7005DA23E /* Assets.xcassets in Resources */ = {isa = PBXBuildFile; fileRef = 907F0DF0296DD8B7005DA23E /* Assets.xcassets */; };
		907F0DF4296DD8B7005DA23E /* Preview Assets.xcassets in Resources */ = {isa = PBXBuildFile; fileRef = 907F0DF3296DD8B7005DA23E /* Preview Assets.xcassets */; };
		907F0DF8296DDB73005DA23E /* ViewModel.swift in Sources */ = {isa = PBXBuildFile; fileRef = 90672E4228CFE0FF00B4BF74 /* ViewModel.swift */; };
		907F0DFB296DDBF9005DA23E /* CodableCSV in Frameworks */ = {isa = PBXBuildFile; productRef = 907F0DFA296DDBF9005DA23E /* CodableCSV */; };
		907F0DFC296DDC09005DA23E /* DistanceUnit.swift in Sources */ = {isa = PBXBuildFile; fileRef = 906B5EE82935287B00B820A6 /* DistanceUnit.swift */; };
		907F0DFD296DDC16005DA23E /* LocationHelper.swift in Sources */ = {isa = PBXBuildFile; fileRef = 90720790292ED615002DA887 /* LocationHelper.swift */; };
		907F0DFE296DDC19005DA23E /* MTAFeedDownloadError.swift in Sources */ = {isa = PBXBuildFile; fileRef = 908A06AD2960F8620040F3E2 /* MTAFeedDownloadError.swift */; };
		907F0DFF296DDC1B005DA23E /* MTAFeedDownloader.swift in Sources */ = {isa = PBXBuildFile; fileRef = 905AD684293176A8006110E2 /* MTAFeedDownloader.swift */; };
		907F0E00296DDC1E005DA23E /* RestDownloader.swift in Sources */ = {isa = PBXBuildFile; fileRef = 9079EEC32958C91100F8F6FE /* RestDownloader.swift */; };
		907F0E01296DDC20005DA23E /* MTAFeedConstant.swift in Sources */ = {isa = PBXBuildFile; fileRef = 908A06B12960FA7B0040F3E2 /* MTAFeedConstant.swift */; };
		907F0E02296DDC25005DA23E /* RestResponseWrapper.swift in Sources */ = {isa = PBXBuildFile; fileRef = 9080542F295A2830001AB1A1 /* RestResponseWrapper.swift */; };
		907F0E03296DDC28005DA23E /* RestVehicle.swift in Sources */ = {isa = PBXBuildFile; fileRef = 90805431295A2872001AB1A1 /* RestVehicle.swift */; };
		907F0E04296DDC2B005DA23E /* RestVehicleStatus.swift in Sources */ = {isa = PBXBuildFile; fileRef = 90805433295A2896001AB1A1 /* RestVehicleStatus.swift */; };
		907F0E05296DDC2D005DA23E /* RestDirection.swift in Sources */ = {isa = PBXBuildFile; fileRef = 90805435295A28BD001AB1A1 /* RestDirection.swift */; };
		907F0E06296DDC2F005DA23E /* RestTrip.swift in Sources */ = {isa = PBXBuildFile; fileRef = 90805437295A28D4001AB1A1 /* RestTrip.swift */; };
		907F0E07296DDC32005DA23E /* RestTripUpdate.swift in Sources */ = {isa = PBXBuildFile; fileRef = 90805439295A2904001AB1A1 /* RestTripUpdate.swift */; };
		907F0E08296DDC34005DA23E /* RestStopTimeUpdate.swift in Sources */ = {isa = PBXBuildFile; fileRef = 9080543B295A2922001AB1A1 /* RestStopTimeUpdate.swift */; };
		907F0E09296DDC36005DA23E /* MTAAlert.swift in Sources */ = {isa = PBXBuildFile; fileRef = 9085487928EB9EDE00DE7863 /* MTAAlert.swift */; };
		907F0E0A296DDC38005DA23E /* MTADirection.swift in Sources */ = {isa = PBXBuildFile; fileRef = 90A4BEF028EE424600B210F8 /* MTADirection.swift */; };
		907F0E0B296DDC3B005DA23E /* MTAFeedMessageType.swift in Sources */ = {isa = PBXBuildFile; fileRef = 9085487328EB96A500DE7863 /* MTAFeedMessageType.swift */; };
		907F0E0C296DDC3D005DA23E /* MTARoute.swift in Sources */ = {isa = PBXBuildFile; fileRef = 9085487728EB9D0C00DE7863 /* MTARoute.swift */; };
		907F0E0D296DDC41005DA23E /* MTARouteId.swift in Sources */ = {isa = PBXBuildFile; fileRef = 909F55F428F4D02500BEC9B9 /* MTARouteId.swift */; };
		907F0E0E296DDC46005DA23E /* MTAStop.swift in Sources */ = {isa = PBXBuildFile; fileRef = 908EC76028E255E10020CC92 /* MTAStop.swift */; };
		907F0E0F296DDC4A005DA23E /* MTAStopTimeUpdate.swift in Sources */ = {isa = PBXBuildFile; fileRef = 9059965628F37F5A006FD733 /* MTAStopTimeUpdate.swift */; };
		907F0E10296DDC4C005DA23E /* MTASubwayFeedURL.swift in Sources */ = {isa = PBXBuildFile; fileRef = 9085487028EB902200DE7863 /* MTASubwayFeedURL.swift */; };
		907F0E11296DDC4E005DA23E /* MTATrip.swift in Sources */ = {isa = PBXBuildFile; fileRef = 9085487B28EB9F4300DE7863 /* MTATrip.swift */; };
		907F0E12296DDC51005DA23E /* MTATripReplacementPeriod.swift in Sources */ = {isa = PBXBuildFile; fileRef = 909F55F228F4B2F900BEC9B9 /* MTATripReplacementPeriod.swift */; };
		907F0E13296DDC54005DA23E /* MTATripUpdate.swift in Sources */ = {isa = PBXBuildFile; fileRef = 9059965828F37F6A006FD733 /* MTATripUpdate.swift */; };
		907F0E14296DDC57005DA23E /* MTAVehicle.swift in Sources */ = {isa = PBXBuildFile; fileRef = 90A46B6628F228F500DED050 /* MTAVehicle.swift */; };
		907F0E15296DDC59005DA23E /* MTAVehicleStatus.swift in Sources */ = {isa = PBXBuildFile; fileRef = 90A46B6828F229CA00DED050 /* MTAVehicleStatus.swift */; };
		907F0E16296DDC5B005DA23E /* MTATrain.swift in Sources */ = {isa = PBXBuildFile; fileRef = 908CB9EA28FE0964007D163F /* MTATrain.swift */; };
		907F0E17296DDC5D005DA23E /* MTAFeedWrapper.swift in Sources */ = {isa = PBXBuildFile; fileRef = 905AD68629317EE7006110E2 /* MTAFeedWrapper.swift */; };
		907F0E1B296DDC82005DA23E /* SwiftProtobuf in Frameworks */ = {isa = PBXBuildFile; productRef = 907F0E1A296DDC82005DA23E /* SwiftProtobuf */; };
		907F0E1C296DDC87005DA23E /* routes.txt in Resources */ = {isa = PBXBuildFile; fileRef = 9085487528EB9CC500DE7863 /* routes.txt */; };
		907F0E1D296DDC89005DA23E /* stops.txt in Resources */ = {isa = PBXBuildFile; fileRef = 908EC75828E252070020CC92 /* stops.txt */; };
		907F0E25296E014E005DA23E /* DistanceSettingView.swift in Sources */ = {isa = PBXBuildFile; fileRef = 907F0E24296E014E005DA23E /* DistanceSettingView.swift */; };
		907F0E27296E066A005DA23E /* ArrivalTimeSettingView.swift in Sources */ = {isa = PBXBuildFile; fileRef = 907F0E26296E066A005DA23E /* ArrivalTimeSettingView.swift */; };
		907F0E29296E0C46005DA23E /* WatchTrainsAtStopView.swift in Sources */ = {isa = PBXBuildFile; fileRef = 907F0E28296E0C46005DA23E /* WatchTrainsAtStopView.swift */; };
		907F0E2B296E123D005DA23E /* WatchRouteLabel.swift in Sources */ = {isa = PBXBuildFile; fileRef = 907F0E2A296E123D005DA23E /* WatchRouteLabel.swift */; };
		907F0E2C296E1E5E005DA23E /* WatchMTANearby Watch App.app in Embed Watch Content */ = {isa = PBXBuildFile; fileRef = 907F0DEA296DD8B6005DA23E /* WatchMTANearby Watch App.app */; settings = {ATTRIBUTES = (RemoveHeadersOnCopy, ); }; };
		90805430295A2830001AB1A1 /* RestResponseWrapper.swift in Sources */ = {isa = PBXBuildFile; fileRef = 9080542F295A2830001AB1A1 /* RestResponseWrapper.swift */; };
		90805432295A2872001AB1A1 /* RestVehicle.swift in Sources */ = {isa = PBXBuildFile; fileRef = 90805431295A2872001AB1A1 /* RestVehicle.swift */; };
		90805434295A2896001AB1A1 /* RestVehicleStatus.swift in Sources */ = {isa = PBXBuildFile; fileRef = 90805433295A2896001AB1A1 /* RestVehicleStatus.swift */; };
		90805436295A28BD001AB1A1 /* RestDirection.swift in Sources */ = {isa = PBXBuildFile; fileRef = 90805435295A28BD001AB1A1 /* RestDirection.swift */; };
		90805438295A28D4001AB1A1 /* RestTrip.swift in Sources */ = {isa = PBXBuildFile; fileRef = 90805437295A28D4001AB1A1 /* RestTrip.swift */; };
		9080543A295A2904001AB1A1 /* RestTripUpdate.swift in Sources */ = {isa = PBXBuildFile; fileRef = 90805439295A2904001AB1A1 /* RestTripUpdate.swift */; };
		9080543C295A2922001AB1A1 /* RestStopTimeUpdate.swift in Sources */ = {isa = PBXBuildFile; fileRef = 9080543B295A2922001AB1A1 /* RestStopTimeUpdate.swift */; };
		9080543D295A57A6001AB1A1 /* RestResponseWrapper.swift in Sources */ = {isa = PBXBuildFile; fileRef = 9080542F295A2830001AB1A1 /* RestResponseWrapper.swift */; };
		9080543E295A581D001AB1A1 /* RestVehicle.swift in Sources */ = {isa = PBXBuildFile; fileRef = 90805431295A2872001AB1A1 /* RestVehicle.swift */; };
		9080543F295A5821001AB1A1 /* RestTrip.swift in Sources */ = {isa = PBXBuildFile; fileRef = 90805437295A28D4001AB1A1 /* RestTrip.swift */; };
		90805440295A5825001AB1A1 /* RestDirection.swift in Sources */ = {isa = PBXBuildFile; fileRef = 90805435295A28BD001AB1A1 /* RestDirection.swift */; };
		90805441295A5827001AB1A1 /* RestStopTimeUpdate.swift in Sources */ = {isa = PBXBuildFile; fileRef = 9080543B295A2922001AB1A1 /* RestStopTimeUpdate.swift */; };
		90805442295A582A001AB1A1 /* RestTripUpdate.swift in Sources */ = {isa = PBXBuildFile; fileRef = 90805439295A2904001AB1A1 /* RestTripUpdate.swift */; };
		90805443295A582F001AB1A1 /* RestVehicleStatus.swift in Sources */ = {isa = PBXBuildFile; fileRef = 90805433295A2896001AB1A1 /* RestVehicleStatus.swift */; };
		9085487128EB902200DE7863 /* MTASubwayFeedURL.swift in Sources */ = {isa = PBXBuildFile; fileRef = 9085487028EB902200DE7863 /* MTASubwayFeedURL.swift */; };
		9085487428EB96A500DE7863 /* MTAFeedMessageType.swift in Sources */ = {isa = PBXBuildFile; fileRef = 9085487328EB96A500DE7863 /* MTAFeedMessageType.swift */; };
		9085487628EB9CC500DE7863 /* routes.txt in Resources */ = {isa = PBXBuildFile; fileRef = 9085487528EB9CC500DE7863 /* routes.txt */; };
		9085487828EB9D0C00DE7863 /* MTARoute.swift in Sources */ = {isa = PBXBuildFile; fileRef = 9085487728EB9D0C00DE7863 /* MTARoute.swift */; };
		9085487A28EB9EDE00DE7863 /* MTAAlert.swift in Sources */ = {isa = PBXBuildFile; fileRef = 9085487928EB9EDE00DE7863 /* MTAAlert.swift */; };
		9085487C28EB9F4300DE7863 /* MTATrip.swift in Sources */ = {isa = PBXBuildFile; fileRef = 9085487B28EB9F4300DE7863 /* MTATrip.swift */; };
		908A06AE2960F8620040F3E2 /* MTAFeedDownloadError.swift in Sources */ = {isa = PBXBuildFile; fileRef = 908A06AD2960F8620040F3E2 /* MTAFeedDownloadError.swift */; };
		908A06B22960FA7B0040F3E2 /* MTAFeedConstant.swift in Sources */ = {isa = PBXBuildFile; fileRef = 908A06B12960FA7B0040F3E2 /* MTAFeedConstant.swift */; };
		908B1AA228FB6AC5008ACF21 /* TripUpdatesView.swift in Sources */ = {isa = PBXBuildFile; fileRef = 908B1AA128FB6AC5008ACF21 /* TripUpdatesView.swift */; };
		908CB9EB28FE0964007D163F /* MTATrain.swift in Sources */ = {isa = PBXBuildFile; fileRef = 908CB9EA28FE0964007D163F /* MTATrain.swift */; };
		908CB9ED28FE1084007D163F /* TrainsAtStopView.swift in Sources */ = {isa = PBXBuildFile; fileRef = 908CB9EC28FE1084007D163F /* TrainsAtStopView.swift */; };
		908EC75928E252070020CC92 /* stops.txt in Resources */ = {isa = PBXBuildFile; fileRef = 908EC75828E252070020CC92 /* stops.txt */; };
		908EC75F28E255B20020CC92 /* CodableCSV in Frameworks */ = {isa = PBXBuildFile; productRef = 908EC75E28E255B20020CC92 /* CodableCSV */; };
		908EC76128E255E10020CC92 /* MTAStop.swift in Sources */ = {isa = PBXBuildFile; fileRef = 908EC76028E255E10020CC92 /* MTAStop.swift */; };
		909B162028FA1C7A002D8A33 /* VehiclesAtStopView.swift in Sources */ = {isa = PBXBuildFile; fileRef = 909B161F28FA1C7A002D8A33 /* VehiclesAtStopView.swift */; };
		909F55F328F4B2F900BEC9B9 /* MTATripReplacementPeriod.swift in Sources */ = {isa = PBXBuildFile; fileRef = 909F55F228F4B2F900BEC9B9 /* MTATripReplacementPeriod.swift */; };
		909F55F528F4D02500BEC9B9 /* MTARouteId.swift in Sources */ = {isa = PBXBuildFile; fileRef = 909F55F428F4D02500BEC9B9 /* MTARouteId.swift */; };
		909F55F728F4D89600BEC9B9 /* StopsView.swift in Sources */ = {isa = PBXBuildFile; fileRef = 909F55F628F4D89600BEC9B9 /* StopsView.swift */; };
		90A46B6728F228F500DED050 /* MTAVehicle.swift in Sources */ = {isa = PBXBuildFile; fileRef = 90A46B6628F228F500DED050 /* MTAVehicle.swift */; };
		90A46B6928F229CA00DED050 /* MTAVehicleStatus.swift in Sources */ = {isa = PBXBuildFile; fileRef = 90A46B6828F229CA00DED050 /* MTAVehicleStatus.swift */; };
		90A4BEF128EE424600B210F8 /* MTADirection.swift in Sources */ = {isa = PBXBuildFile; fileRef = 90A4BEF028EE424600B210F8 /* MTADirection.swift */; };
		90A983B328CFD71B0046A19B /* MTANearByApp.swift in Sources */ = {isa = PBXBuildFile; fileRef = 90A983B228CFD71B0046A19B /* MTANearByApp.swift */; };
		90A983B528CFD71B0046A19B /* ContentView.swift in Sources */ = {isa = PBXBuildFile; fileRef = 90A983B428CFD71B0046A19B /* ContentView.swift */; };
		90A983B728CFD71C0046A19B /* Assets.xcassets in Resources */ = {isa = PBXBuildFile; fileRef = 90A983B628CFD71C0046A19B /* Assets.xcassets */; };
		90A983BA28CFD71C0046A19B /* Preview Assets.xcassets in Resources */ = {isa = PBXBuildFile; fileRef = 90A983B928CFD71C0046A19B /* Preview Assets.xcassets */; };
		90A983C228CFD79E0046A19B /* SwiftProtobuf in Frameworks */ = {isa = PBXBuildFile; productRef = 90A983C128CFD79E0046A19B /* SwiftProtobuf */; };
		90CFFFD92E89A13A0071993F /* gtfs-realtime.pb.swift in Sources */ = {isa = PBXBuildFile; fileRef = 90CFFFD82E89A13A0071993F /* gtfs-realtime.pb.swift */; };
		90CFFFDA2E89A13A0071993F /* gtfs-realtime.pb.swift in Sources */ = {isa = PBXBuildFile; fileRef = 90CFFFD82E89A13A0071993F /* gtfs-realtime.pb.swift */; };
		90CFFFDC2E89A1580071993F /* nyct-subway.pb.swift in Sources */ = {isa = PBXBuildFile; fileRef = 90CFFFDB2E89A1580071993F /* nyct-subway.pb.swift */; };
		90CFFFDD2E89A1580071993F /* nyct-subway.pb.swift in Sources */ = {isa = PBXBuildFile; fileRef = 90CFFFDB2E89A1580071993F /* nyct-subway.pb.swift */; };
		90CFFFE22E89AE9F0071993F /* AppIcon-iOS26.icon in Resources */ = {isa = PBXBuildFile; fileRef = 90CFFFE12E89AE9F0071993F /* AppIcon-iOS26.icon */; };
		90CFFFE32E89AE9F0071993F /* AppIcon-iOS26.icon in Resources */ = {isa = PBXBuildFile; fileRef = 90CFFFE12E89AE9F0071993F /* AppIcon-iOS26.icon */; };
/* End PBXBuildFile section */

/* Begin PBXContainerItemProxy section */
		9079EECD2959057800F8F6FE /* PBXContainerItemProxy */ = {
			isa = PBXContainerItemProxy;
			containerPortal = 90A983A728CFD71B0046A19B /* Project object */;
			proxyType = 1;
			remoteGlobalIDString = 90A983AE28CFD71B0046A19B;
			remoteInfo = MTANearby;
		};
		907F0E2D296E1E5E005DA23E /* PBXContainerItemProxy */ = {
			isa = PBXContainerItemProxy;
			containerPortal = 90A983A728CFD71B0046A19B /* Project object */;
			proxyType = 1;
			remoteGlobalIDString = 907F0DE9296DD8B6005DA23E;
			remoteInfo = "WatchMTANearby Watch App";
		};
/* End PBXContainerItemProxy section */

/* Begin PBXCopyFilesBuildPhase section */
		907F0E2F296E1E5F005DA23E /* Embed Watch Content */ = {
			isa = PBXCopyFilesBuildPhase;
			buildActionMask = 2147483647;
			dstPath = "$(CONTENTS_FOLDER_PATH)/Watch";
			dstSubfolderSpec = 16;
			files = (
				907F0E2C296E1E5E005DA23E /* WatchMTANearby Watch App.app in Embed Watch Content */,
			);
			name = "Embed Watch Content";
			runOnlyForDeploymentPostprocessing = 0;
		};
/* End PBXCopyFilesBuildPhase section */

/* Begin PBXFileReference section */
		9006A364296EE8C200303A4B /* WatchMTANearby-Watch-App-Info.plist */ = {isa = PBXFileReference; lastKnownFileType = text.plist; path = "WatchMTANearby-Watch-App-Info.plist"; sourceTree = SOURCE_ROOT; };
		905385FC293C0EED000750EA /* BannerAdViewController.swift */ = {isa = PBXFileReference; fileEncoding = 4; lastKnownFileType = sourcecode.swift; path = BannerAdViewController.swift; sourceTree = "<group>"; };
		905385FE293C0EF5000750EA /* BannerAd.swift */ = {isa = PBXFileReference; fileEncoding = 4; lastKnownFileType = sourcecode.swift; path = BannerAd.swift; sourceTree = "<group>"; };
		9059965628F37F5A006FD733 /* MTAStopTimeUpdate.swift */ = {isa = PBXFileReference; lastKnownFileType = sourcecode.swift; path = MTAStopTimeUpdate.swift; sourceTree = "<group>"; };
		9059965828F37F6A006FD733 /* MTATripUpdate.swift */ = {isa = PBXFileReference; lastKnownFileType = sourcecode.swift; path = MTATripUpdate.swift; sourceTree = "<group>"; };
		905AD684293176A8006110E2 /* MTAFeedDownloader.swift */ = {isa = PBXFileReference; lastKnownFileType = sourcecode.swift; path = MTAFeedDownloader.swift; sourceTree = "<group>"; };
		905AD68629317EE7006110E2 /* MTAFeedWrapper.swift */ = {isa = PBXFileReference; lastKnownFileType = sourcecode.swift; path = MTAFeedWrapper.swift; sourceTree = "<group>"; };
		90672E4228CFE0FF00B4BF74 /* ViewModel.swift */ = {isa = PBXFileReference; lastKnownFileType = sourcecode.swift; path = ViewModel.swift; sourceTree = "<group>"; };
		906B5EE82935287B00B820A6 /* DistanceUnit.swift */ = {isa = PBXFileReference; lastKnownFileType = sourcecode.swift; path = DistanceUnit.swift; sourceTree = "<group>"; };
		906B5EEA29353A9E00B820A6 /* SettingsView.swift */ = {isa = PBXFileReference; lastKnownFileType = sourcecode.swift; path = SettingsView.swift; sourceTree = "<group>"; };
		90720790292ED615002DA887 /* LocationHelper.swift */ = {isa = PBXFileReference; lastKnownFileType = sourcecode.swift; path = LocationHelper.swift; sourceTree = "<group>"; };
		90783D89296CC3960038A25B /* RouteLabel.swift */ = {isa = PBXFileReference; lastKnownFileType = sourcecode.swift; path = RouteLabel.swift; sourceTree = "<group>"; };
		9079EEC32958C91100F8F6FE /* RestDownloader.swift */ = {isa = PBXFileReference; lastKnownFileType = sourcecode.swift; path = RestDownloader.swift; sourceTree = "<group>"; };
		9079EEC92959057800F8F6FE /* MTANearbyTests.xctest */ = {isa = PBXFileReference; explicitFileType = wrapper.cfbundle; includeInIndex = 0; path = MTANearbyTests.xctest; sourceTree = BUILT_PRODUCTS_DIR; };
		9079EECB2959057800F8F6FE /* MTANearbyTests.swift */ = {isa = PBXFileReference; lastKnownFileType = sourcecode.swift; path = MTANearbyTests.swift; sourceTree = "<group>"; };
		907F0DEA296DD8B6005DA23E /* WatchMTANearby Watch App.app */ = {isa = PBXFileReference; explicitFileType = wrapper.application; includeInIndex = 0; path = "WatchMTANearby Watch App.app"; sourceTree = BUILT_PRODUCTS_DIR; };
		907F0DEC296DD8B6005DA23E /* WatchMTANearbyApp.swift */ = {isa = PBXFileReference; lastKnownFileType = sourcecode.swift; path = WatchMTANearbyApp.swift; sourceTree = "<group>"; };
		907F0DEE296DD8B6005DA23E /* ContentView.swift */ = {isa = PBXFileReference; lastKnownFileType = sourcecode.swift; path = ContentView.swift; sourceTree = "<group>"; };
		907F0DF0296DD8B7005DA23E /* Assets.xcassets */ = {isa = PBXFileReference; lastKnownFileType = folder.assetcatalog; path = Assets.xcassets; sourceTree = "<group>"; };
		907F0DF3296DD8B7005DA23E /* Preview Assets.xcassets */ = {isa = PBXFileReference; lastKnownFileType = folder.assetcatalog; path = "Preview Assets.xcassets"; sourceTree = "<group>"; };
		907F0E24296E014E005DA23E /* DistanceSettingView.swift */ = {isa = PBXFileReference; lastKnownFileType = sourcecode.swift; path = DistanceSettingView.swift; sourceTree = "<group>"; };
		907F0E26296E066A005DA23E /* ArrivalTimeSettingView.swift */ = {isa = PBXFileReference; lastKnownFileType = sourcecode.swift; path = ArrivalTimeSettingView.swift; sourceTree = "<group>"; };
		907F0E28296E0C46005DA23E /* WatchTrainsAtStopView.swift */ = {isa = PBXFileReference; lastKnownFileType = sourcecode.swift; path = WatchTrainsAtStopView.swift; sourceTree = "<group>"; };
		907F0E2A296E123D005DA23E /* WatchRouteLabel.swift */ = {isa = PBXFileReference; lastKnownFileType = sourcecode.swift; path = WatchRouteLabel.swift; sourceTree = "<group>"; };
		9080542F295A2830001AB1A1 /* RestResponseWrapper.swift */ = {isa = PBXFileReference; lastKnownFileType = sourcecode.swift; path = RestResponseWrapper.swift; sourceTree = "<group>"; };
		90805431295A2872001AB1A1 /* RestVehicle.swift */ = {isa = PBXFileReference; lastKnownFileType = sourcecode.swift; path = RestVehicle.swift; sourceTree = "<group>"; };
		90805433295A2896001AB1A1 /* RestVehicleStatus.swift */ = {isa = PBXFileReference; lastKnownFileType = sourcecode.swift; path = RestVehicleStatus.swift; sourceTree = "<group>"; };
		90805435295A28BD001AB1A1 /* RestDirection.swift */ = {isa = PBXFileReference; lastKnownFileType = sourcecode.swift; path = RestDirection.swift; sourceTree = "<group>"; };
		90805437295A28D4001AB1A1 /* RestTrip.swift */ = {isa = PBXFileReference; lastKnownFileType = sourcecode.swift; path = RestTrip.swift; sourceTree = "<group>"; };
		90805439295A2904001AB1A1 /* RestTripUpdate.swift */ = {isa = PBXFileReference; lastKnownFileType = sourcecode.swift; path = RestTripUpdate.swift; sourceTree = "<group>"; };
		9080543B295A2922001AB1A1 /* RestStopTimeUpdate.swift */ = {isa = PBXFileReference; lastKnownFileType = sourcecode.swift; path = RestStopTimeUpdate.swift; sourceTree = "<group>"; };
		9085487028EB902200DE7863 /* MTASubwayFeedURL.swift */ = {isa = PBXFileReference; lastKnownFileType = sourcecode.swift; path = MTASubwayFeedURL.swift; sourceTree = "<group>"; };
		9085487328EB96A500DE7863 /* MTAFeedMessageType.swift */ = {isa = PBXFileReference; lastKnownFileType = sourcecode.swift; path = MTAFeedMessageType.swift; sourceTree = "<group>"; };
		9085487528EB9CC500DE7863 /* routes.txt */ = {isa = PBXFileReference; fileEncoding = 4; lastKnownFileType = text; path = routes.txt; sourceTree = "<group>"; };
		9085487728EB9D0C00DE7863 /* MTARoute.swift */ = {isa = PBXFileReference; lastKnownFileType = sourcecode.swift; path = MTARoute.swift; sourceTree = "<group>"; };
		9085487928EB9EDE00DE7863 /* MTAAlert.swift */ = {isa = PBXFileReference; lastKnownFileType = sourcecode.swift; path = MTAAlert.swift; sourceTree = "<group>"; };
		9085487B28EB9F4300DE7863 /* MTATrip.swift */ = {isa = PBXFileReference; lastKnownFileType = sourcecode.swift; path = MTATrip.swift; sourceTree = "<group>"; };
		908A06AD2960F8620040F3E2 /* MTAFeedDownloadError.swift */ = {isa = PBXFileReference; lastKnownFileType = sourcecode.swift; path = MTAFeedDownloadError.swift; sourceTree = "<group>"; };
		908A06B12960FA7B0040F3E2 /* MTAFeedConstant.swift */ = {isa = PBXFileReference; lastKnownFileType = sourcecode.swift; path = MTAFeedConstant.swift; sourceTree = "<group>"; };
		908B1AA128FB6AC5008ACF21 /* TripUpdatesView.swift */ = {isa = PBXFileReference; lastKnownFileType = sourcecode.swift; path = TripUpdatesView.swift; sourceTree = "<group>"; };
		908CB9EA28FE0964007D163F /* MTATrain.swift */ = {isa = PBXFileReference; lastKnownFileType = sourcecode.swift; path = MTATrain.swift; sourceTree = "<group>"; };
		908CB9EC28FE1084007D163F /* TrainsAtStopView.swift */ = {isa = PBXFileReference; lastKnownFileType = sourcecode.swift; path = TrainsAtStopView.swift; sourceTree = "<group>"; };
		908EC75828E252070020CC92 /* stops.txt */ = {isa = PBXFileReference; fileEncoding = 4; lastKnownFileType = text; path = stops.txt; sourceTree = "<group>"; };
		908EC76028E255E10020CC92 /* MTAStop.swift */ = {isa = PBXFileReference; lastKnownFileType = sourcecode.swift; path = MTAStop.swift; sourceTree = "<group>"; };
		909B161F28FA1C7A002D8A33 /* VehiclesAtStopView.swift */ = {isa = PBXFileReference; lastKnownFileType = sourcecode.swift; path = VehiclesAtStopView.swift; sourceTree = "<group>"; };
		909F55F228F4B2F900BEC9B9 /* MTATripReplacementPeriod.swift */ = {isa = PBXFileReference; lastKnownFileType = sourcecode.swift; path = MTATripReplacementPeriod.swift; sourceTree = "<group>"; };
		909F55F428F4D02500BEC9B9 /* MTARouteId.swift */ = {isa = PBXFileReference; lastKnownFileType = sourcecode.swift; path = MTARouteId.swift; sourceTree = "<group>"; };
		909F55F628F4D89600BEC9B9 /* StopsView.swift */ = {isa = PBXFileReference; lastKnownFileType = sourcecode.swift; path = StopsView.swift; sourceTree = "<group>"; };
		90A46B6628F228F500DED050 /* MTAVehicle.swift */ = {isa = PBXFileReference; lastKnownFileType = sourcecode.swift; path = MTAVehicle.swift; sourceTree = "<group>"; };
		90A46B6828F229CA00DED050 /* MTAVehicleStatus.swift */ = {isa = PBXFileReference; lastKnownFileType = sourcecode.swift; path = MTAVehicleStatus.swift; sourceTree = "<group>"; };
		90A4BEF028EE424600B210F8 /* MTADirection.swift */ = {isa = PBXFileReference; lastKnownFileType = sourcecode.swift; path = MTADirection.swift; sourceTree = "<group>"; };
		90A983AF28CFD71B0046A19B /* MTANearby.app */ = {isa = PBXFileReference; explicitFileType = wrapper.application; includeInIndex = 0; path = MTANearby.app; sourceTree = BUILT_PRODUCTS_DIR; };
		90A983B228CFD71B0046A19B /* MTANearByApp.swift */ = {isa = PBXFileReference; lastKnownFileType = sourcecode.swift; path = MTANearByApp.swift; sourceTree = "<group>"; };
		90A983B428CFD71B0046A19B /* ContentView.swift */ = {isa = PBXFileReference; lastKnownFileType = sourcecode.swift; path = ContentView.swift; sourceTree = "<group>"; };
		90A983B628CFD71C0046A19B /* Assets.xcassets */ = {isa = PBXFileReference; lastKnownFileType = folder.assetcatalog; path = Assets.xcassets; sourceTree = "<group>"; };
		90A983B928CFD71C0046A19B /* Preview Assets.xcassets */ = {isa = PBXFileReference; lastKnownFileType = folder.assetcatalog; path = "Preview Assets.xcassets"; sourceTree = "<group>"; };
		90CFFFD82E89A13A0071993F /* gtfs-realtime.pb.swift */ = {isa = PBXFileReference; lastKnownFileType = sourcecode.swift; path = "gtfs-realtime.pb.swift"; sourceTree = "<group>"; };
		90CFFFDB2E89A1580071993F /* nyct-subway.pb.swift */ = {isa = PBXFileReference; lastKnownFileType = sourcecode.swift; path = "nyct-subway.pb.swift"; sourceTree = "<group>"; };
		90CFFFE12E89AE9F0071993F /* AppIcon-iOS26.icon */ = {isa = PBXFileReference; lastKnownFileType = folder.iconcomposer.icon; path = "AppIcon-iOS26.icon"; sourceTree = "<group>"; };
		90F65AF2291EFA22001E8204 /* MTANearby-Info.plist */ = {isa = PBXFileReference; lastKnownFileType = text.plist; path = "MTANearby-Info.plist"; sourceTree = "<group>"; };
/* End PBXFileReference section */

/* Begin PBXFrameworksBuildPhase section */
		9079EEC62959057800F8F6FE /* Frameworks */ = {
			isa = PBXFrameworksBuildPhase;
			buildActionMask = 2147483647;
			files = (
			);
			runOnlyForDeploymentPostprocessing = 0;
		};
		907F0DE7296DD8B6005DA23E /* Frameworks */ = {
			isa = PBXFrameworksBuildPhase;
			buildActionMask = 2147483647;
			files = (
				907F0DFB296DDBF9005DA23E /* CodableCSV in Frameworks */,
				907F0E1B296DDC82005DA23E /* SwiftProtobuf in Frameworks */,
			);
			runOnlyForDeploymentPostprocessing = 0;
		};
		90A983AC28CFD71B0046A19B /* Frameworks */ = {
			isa = PBXFrameworksBuildPhase;
			buildActionMask = 2147483647;
			files = (
				905385FB293C0D70000750EA /* GoogleMobileAds in Frameworks */,
				908EC75F28E255B20020CC92 /* CodableCSV in Frameworks */,
				90A983C228CFD79E0046A19B /* SwiftProtobuf in Frameworks */,
			);
			runOnlyForDeploymentPostprocessing = 0;
		};
/* End PBXFrameworksBuildPhase section */

/* Begin PBXGroup section */
		905385F8293C0C0A000750EA /* AdMob */ = {
			isa = PBXGroup;
			children = (
				905385FE293C0EF5000750EA /* BannerAd.swift */,
				905385FC293C0EED000750EA /* BannerAdViewController.swift */,
			);
			path = AdMob;
			sourceTree = "<group>";
		};
		9079EECA2959057800F8F6FE /* MTANearbyTests */ = {
			isa = PBXGroup;
			children = (
				9079EECB2959057800F8F6FE /* MTANearbyTests.swift */,
			);
			path = MTANearbyTests;
			sourceTree = "<group>";
		};
		907F0DEB296DD8B6005DA23E /* WatchMTANearby Watch App */ = {
			isa = PBXGroup;
			children = (
				9006A364296EE8C200303A4B /* WatchMTANearby-Watch-App-Info.plist */,
				907F0DEC296DD8B6005DA23E /* WatchMTANearbyApp.swift */,
				907F0DEE296DD8B6005DA23E /* ContentView.swift */,
				907F0DF0296DD8B7005DA23E /* Assets.xcassets */,
				907F0DF2296DD8B7005DA23E /* Preview Content */,
				907F0E24296E014E005DA23E /* DistanceSettingView.swift */,
				907F0E26296E066A005DA23E /* ArrivalTimeSettingView.swift */,
				907F0E28296E0C46005DA23E /* WatchTrainsAtStopView.swift */,
				907F0E2A296E123D005DA23E /* WatchRouteLabel.swift */,
			);
			path = "WatchMTANearby Watch App";
			sourceTree = "<group>";
		};
		907F0DF2296DD8B7005DA23E /* Preview Content */ = {
			isa = PBXGroup;
			children = (
				907F0DF3296DD8B7005DA23E /* Preview Assets.xcassets */,
			);
			path = "Preview Content";
			sourceTree = "<group>";
		};
		907F0DF9296DDBF9005DA23E /* Frameworks */ = {
			isa = PBXGroup;
			children = (
			);
			name = Frameworks;
			sourceTree = "<group>";
		};
		9080542E295A281A001AB1A1 /* REST */ = {
			isa = PBXGroup;
			children = (
				9080542F295A2830001AB1A1 /* RestResponseWrapper.swift */,
				90805431295A2872001AB1A1 /* RestVehicle.swift */,
				90805433295A2896001AB1A1 /* RestVehicleStatus.swift */,
				90805435295A28BD001AB1A1 /* RestDirection.swift */,
				90805437295A28D4001AB1A1 /* RestTrip.swift */,
				90805439295A2904001AB1A1 /* RestTripUpdate.swift */,
				9080543B295A2922001AB1A1 /* RestStopTimeUpdate.swift */,
			);
			path = REST;
			sourceTree = "<group>";
		};
		9085487228EB967E00DE7863 /* Model */ = {
			isa = PBXGroup;
			children = (
				908A06AC2960F70F0040F3E2 /* Helper */,
				9080542E295A281A001AB1A1 /* REST */,
				9085487928EB9EDE00DE7863 /* MTAAlert.swift */,
				90A4BEF028EE424600B210F8 /* MTADirection.swift */,
				9085487328EB96A500DE7863 /* MTAFeedMessageType.swift */,
				9085487728EB9D0C00DE7863 /* MTARoute.swift */,
				909F55F428F4D02500BEC9B9 /* MTARouteId.swift */,
				908EC76028E255E10020CC92 /* MTAStop.swift */,
				9059965628F37F5A006FD733 /* MTAStopTimeUpdate.swift */,
				9085487028EB902200DE7863 /* MTASubwayFeedURL.swift */,
				9085487B28EB9F4300DE7863 /* MTATrip.swift */,
				909F55F228F4B2F900BEC9B9 /* MTATripReplacementPeriod.swift */,
				9059965828F37F6A006FD733 /* MTATripUpdate.swift */,
				90A46B6628F228F500DED050 /* MTAVehicle.swift */,
				90A46B6828F229CA00DED050 /* MTAVehicleStatus.swift */,
				908CB9EA28FE0964007D163F /* MTATrain.swift */,
				905AD68629317EE7006110E2 /* MTAFeedWrapper.swift */,
				906B5EE82935287B00B820A6 /* DistanceUnit.swift */,
			);
			path = Model;
			sourceTree = "<group>";
		};
		908A06AC2960F70F0040F3E2 /* Helper */ = {
			isa = PBXGroup;
			children = (
				90720790292ED615002DA887 /* LocationHelper.swift */,
				908A06AD2960F8620040F3E2 /* MTAFeedDownloadError.swift */,
				905AD684293176A8006110E2 /* MTAFeedDownloader.swift */,
				9079EEC32958C91100F8F6FE /* RestDownloader.swift */,
				908A06B12960FA7B0040F3E2 /* MTAFeedConstant.swift */,
			);
			path = Helper;
			sourceTree = "<group>";
		};
		908B1AA028FB6A8E008ACF21 /* Views */ = {
			isa = PBXGroup;
			children = (
				909F55F628F4D89600BEC9B9 /* StopsView.swift */,
				908CB9EC28FE1084007D163F /* TrainsAtStopView.swift */,
				908B1AA128FB6AC5008ACF21 /* TripUpdatesView.swift */,
				909B161F28FA1C7A002D8A33 /* VehiclesAtStopView.swift */,
				906B5EEA29353A9E00B820A6 /* SettingsView.swift */,
				90783D89296CC3960038A25B /* RouteLabel.swift */,
			);
			path = Views;
			sourceTree = "<group>";
		};
		908EC75728E251EF0020CC92 /* Resources */ = {
			isa = PBXGroup;
			children = (
				9085487528EB9CC500DE7863 /* routes.txt */,
				908EC75828E252070020CC92 /* stops.txt */,
			);
			path = Resources;
			sourceTree = "<group>";
		};
		90A983A628CFD71B0046A19B = {
			isa = PBXGroup;
			children = (
				90F65AF2291EFA22001E8204 /* MTANearby-Info.plist */,
				90A983B128CFD71B0046A19B /* Protobuf */,
				9079EECA2959057800F8F6FE /* MTANearbyTests */,
				907F0DEB296DD8B6005DA23E /* WatchMTANearby Watch App */,
				90A983B028CFD71B0046A19B /* Products */,
				907F0DF9296DDBF9005DA23E /* Frameworks */,
			);
			sourceTree = "<group>";
		};
		90A983B028CFD71B0046A19B /* Products */ = {
			isa = PBXGroup;
			children = (
				90A983AF28CFD71B0046A19B /* MTANearby.app */,
				9079EEC92959057800F8F6FE /* MTANearbyTests.xctest */,
				907F0DEA296DD8B6005DA23E /* WatchMTANearby Watch App.app */,
			);
			name = Products;
			sourceTree = "<group>";
		};
		90A983B128CFD71B0046A19B /* Protobuf */ = {
			isa = PBXGroup;
			children = (
				905385F8293C0C0A000750EA /* AdMob */,
				908EC75728E251EF0020CC92 /* Resources */,
				9085487228EB967E00DE7863 /* Model */,
				908B1AA028FB6A8E008ACF21 /* Views */,
				90CFFFD82E89A13A0071993F /* gtfs-realtime.pb.swift */,
				90CFFFDB2E89A1580071993F /* nyct-subway.pb.swift */,
				90A983B228CFD71B0046A19B /* MTANearByApp.swift */,
				90A983B428CFD71B0046A19B /* ContentView.swift */,
				90672E4228CFE0FF00B4BF74 /* ViewModel.swift */,
				90A983B628CFD71C0046A19B /* Assets.xcassets */,
				90CFFFE12E89AE9F0071993F /* AppIcon-iOS26.icon */,
				90A983B828CFD71C0046A19B /* Preview Content */,
			);
			path = Protobuf;
			sourceTree = "<group>";
		};
		90A983B828CFD71C0046A19B /* Preview Content */ = {
			isa = PBXGroup;
			children = (
				90A983B928CFD71C0046A19B /* Preview Assets.xcassets */,
			);
			path = "Preview Content";
			sourceTree = "<group>";
		};
/* End PBXGroup section */

/* Begin PBXNativeTarget section */
		9079EEC82959057800F8F6FE /* MTANearbyTests */ = {
			isa = PBXNativeTarget;
			buildConfigurationList = 9079EECF2959057800F8F6FE /* Build configuration list for PBXNativeTarget "MTANearbyTests" */;
			buildPhases = (
				9079EEC52959057800F8F6FE /* Sources */,
				9079EEC62959057800F8F6FE /* Frameworks */,
				9079EEC72959057800F8F6FE /* Resources */,
			);
			buildRules = (
			);
			dependencies = (
				9079EECE2959057800F8F6FE /* PBXTargetDependency */,
			);
			name = MTANearbyTests;
			productName = MTANearbyTests;
			productReference = 9079EEC92959057800F8F6FE /* MTANearbyTests.xctest */;
			productType = "com.apple.product-type.bundle.unit-test";
		};
		907F0DE9296DD8B6005DA23E /* WatchMTANearby Watch App */ = {
			isa = PBXNativeTarget;
			buildConfigurationList = 907F0DF7296DD8B7005DA23E /* Build configuration list for PBXNativeTarget "WatchMTANearby Watch App" */;
			buildPhases = (
				907F0DE6296DD8B6005DA23E /* Sources */,
				907F0DE7296DD8B6005DA23E /* Frameworks */,
				907F0DE8296DD8B6005DA23E /* Resources */,
			);
			buildRules = (
			);
			dependencies = (
			);
			name = "WatchMTANearby Watch App";
			packageProductDependencies = (
				907F0DFA296DDBF9005DA23E /* CodableCSV */,
				907F0E1A296DDC82005DA23E /* SwiftProtobuf */,
			);
			productName = "WatchMTANearby Watch App";
			productReference = 907F0DEA296DD8B6005DA23E /* WatchMTANearby Watch App.app */;
			productType = "com.apple.product-type.application";
		};
		90A983AE28CFD71B0046A19B /* MTANearby */ = {
			isa = PBXNativeTarget;
			buildConfigurationList = 90A983BD28CFD71C0046A19B /* Build configuration list for PBXNativeTarget "MTANearby" */;
			buildPhases = (
				90A983AB28CFD71B0046A19B /* Sources */,
				90A983AC28CFD71B0046A19B /* Frameworks */,
				90A983AD28CFD71B0046A19B /* Resources */,
				907F0E2F296E1E5F005DA23E /* Embed Watch Content */,
			);
			buildRules = (
			);
			dependencies = (
				907F0E2E296E1E5E005DA23E /* PBXTargetDependency */,
			);
			name = MTANearby;
			packageProductDependencies = (
				90A983C128CFD79E0046A19B /* SwiftProtobuf */,
				908EC75E28E255B20020CC92 /* CodableCSV */,
				905385FA293C0D70000750EA /* GoogleMobileAds */,
			);
			productName = Protobuf;
			productReference = 90A983AF28CFD71B0046A19B /* MTANearby.app */;
			productType = "com.apple.product-type.application";
		};
/* End PBXNativeTarget section */

/* Begin PBXProject section */
		90A983A728CFD71B0046A19B /* Project object */ = {
			isa = PBXProject;
			attributes = {
				BuildIndependentTargetsInParallel = 1;
				LastSwiftUpdateCheck = 1420;
				LastUpgradeCheck = 2600;
				TargetAttributes = {
					9079EEC82959057800F8F6FE = {
						CreatedOnToolsVersion = 14.2;
						TestTargetID = 90A983AE28CFD71B0046A19B;
					};
					907F0DE9296DD8B6005DA23E = {
						CreatedOnToolsVersion = 14.2;
					};
					90A983AE28CFD71B0046A19B = {
						CreatedOnToolsVersion = 13.4.1;
					};
				};
			};
			buildConfigurationList = 90A983AA28CFD71B0046A19B /* Build configuration list for PBXProject "MTANearby" */;
			compatibilityVersion = "Xcode 13.0";
			developmentRegion = en;
			hasScannedForEncodings = 0;
			knownRegions = (
				en,
				Base,
			);
			mainGroup = 90A983A628CFD71B0046A19B;
			packageReferences = (
				90A983C028CFD79E0046A19B /* XCRemoteSwiftPackageReference "swift-protobuf" */,
				908EC75D28E255B10020CC92 /* XCRemoteSwiftPackageReference "CodableCSV" */,
				905385F9293C0D70000750EA /* XCRemoteSwiftPackageReference "swift-package-manager-google-mobile-ads" */,
			);
			productRefGroup = 90A983B028CFD71B0046A19B /* Products */;
			projectDirPath = "";
			projectRoot = "";
			targets = (
				90A983AE28CFD71B0046A19B /* MTANearby */,
				9079EEC82959057800F8F6FE /* MTANearbyTests */,
				907F0DE9296DD8B6005DA23E /* WatchMTANearby Watch App */,
			);
		};
/* End PBXProject section */

/* Begin PBXResourcesBuildPhase section */
		9079EEC72959057800F8F6FE /* Resources */ = {
			isa = PBXResourcesBuildPhase;
			buildActionMask = 2147483647;
			files = (
			);
			runOnlyForDeploymentPostprocessing = 0;
		};
		907F0DE8296DD8B6005DA23E /* Resources */ = {
			isa = PBXResourcesBuildPhase;
			buildActionMask = 2147483647;
			files = (
				907F0E1D296DDC89005DA23E /* stops.txt in Resources */,
				90CFFFE32E89AE9F0071993F /* AppIcon-iOS26.icon in Resources */,
				907F0DF4296DD8B7005DA23E /* Preview Assets.xcassets in Resources */,
				907F0DF1296DD8B7005DA23E /* Assets.xcassets in Resources */,
				907F0E1C296DDC87005DA23E /* routes.txt in Resources */,
			);
			runOnlyForDeploymentPostprocessing = 0;
		};
		90A983AD28CFD71B0046A19B /* Resources */ = {
			isa = PBXResourcesBuildPhase;
			buildActionMask = 2147483647;
			files = (
				90A983BA28CFD71C0046A19B /* Preview Assets.xcassets in Resources */,
				90CFFFE22E89AE9F0071993F /* AppIcon-iOS26.icon in Resources */,
				908EC75928E252070020CC92 /* stops.txt in Resources */,
				9085487628EB9CC500DE7863 /* routes.txt in Resources */,
				90A983B728CFD71C0046A19B /* Assets.xcassets in Resources */,
			);
			runOnlyForDeploymentPostprocessing = 0;
		};
/* End PBXResourcesBuildPhase section */

/* Begin PBXSourcesBuildPhase section */
		9079EEC52959057800F8F6FE /* Sources */ = {
			isa = PBXSourcesBuildPhase;
			buildActionMask = 2147483647;
			files = (
				9080543D295A57A6001AB1A1 /* RestResponseWrapper.swift in Sources */,
				90805442295A582A001AB1A1 /* RestTripUpdate.swift in Sources */,
				9080543E295A581D001AB1A1 /* RestVehicle.swift in Sources */,
				9080543F295A5821001AB1A1 /* RestTrip.swift in Sources */,
				90805443295A582F001AB1A1 /* RestVehicleStatus.swift in Sources */,
				9079EECC2959057800F8F6FE /* MTANearbyTests.swift in Sources */,
				90805440295A5825001AB1A1 /* RestDirection.swift in Sources */,
				90805441295A5827001AB1A1 /* RestStopTimeUpdate.swift in Sources */,
			);
			runOnlyForDeploymentPostprocessing = 0;
		};
		907F0DE6296DD8B6005DA23E /* Sources */ = {
			isa = PBXSourcesBuildPhase;
			buildActionMask = 2147483647;
			files = (
				907F0E0E296DDC46005DA23E /* MTAStop.swift in Sources */,
				90CFFFDD2E89A1580071993F /* nyct-subway.pb.swift in Sources */,
				907F0E06296DDC2F005DA23E /* RestTrip.swift in Sources */,
				907F0E27296E066A005DA23E /* ArrivalTimeSettingView.swift in Sources */,
				907F0E07296DDC32005DA23E /* RestTripUpdate.swift in Sources */,
				907F0E02296DDC25005DA23E /* RestResponseWrapper.swift in Sources */,
				907F0DFC296DDC09005DA23E /* DistanceUnit.swift in Sources */,
				907F0E05296DDC2D005DA23E /* RestDirection.swift in Sources */,
				907F0E13296DDC54005DA23E /* MTATripUpdate.swift in Sources */,
				907F0E29296E0C46005DA23E /* WatchTrainsAtStopView.swift in Sources */,
				907F0DEF296DD8B6005DA23E /* ContentView.swift in Sources */,
				907F0E0D296DDC41005DA23E /* MTARouteId.swift in Sources */,
				907F0E15296DDC59005DA23E /* MTAVehicleStatus.swift in Sources */,
				907F0E0C296DDC3D005DA23E /* MTARoute.swift in Sources */,
				907F0DF8296DDB73005DA23E /* ViewModel.swift in Sources */,
				907F0DFE296DDC19005DA23E /* MTAFeedDownloadError.swift in Sources */,
				90CFFFD92E89A13A0071993F /* gtfs-realtime.pb.swift in Sources */,
				907F0E00296DDC1E005DA23E /* RestDownloader.swift in Sources */,
				907F0E17296DDC5D005DA23E /* MTAFeedWrapper.swift in Sources */,
				907F0E08296DDC34005DA23E /* RestStopTimeUpdate.swift in Sources */,
				907F0DED296DD8B6005DA23E /* WatchMTANearbyApp.swift in Sources */,
				907F0E0F296DDC4A005DA23E /* MTAStopTimeUpdate.swift in Sources */,
				907F0E01296DDC20005DA23E /* MTAFeedConstant.swift in Sources */,
				907F0E14296DDC57005DA23E /* MTAVehicle.swift in Sources */,
				907F0E25296E014E005DA23E /* DistanceSettingView.swift in Sources */,
				907F0E16296DDC5B005DA23E /* MTATrain.swift in Sources */,
				907F0E04296DDC2B005DA23E /* RestVehicleStatus.swift in Sources */,
				907F0DFF296DDC1B005DA23E /* MTAFeedDownloader.swift in Sources */,
				907F0E2B296E123D005DA23E /* WatchRouteLabel.swift in Sources */,
				907F0E0A296DDC38005DA23E /* MTADirection.swift in Sources */,
				907F0E11296DDC4E005DA23E /* MTATrip.swift in Sources */,
				907F0E0B296DDC3B005DA23E /* MTAFeedMessageType.swift in Sources */,
				907F0DFD296DDC16005DA23E /* LocationHelper.swift in Sources */,
				907F0E10296DDC4C005DA23E /* MTASubwayFeedURL.swift in Sources */,
				907F0E12296DDC51005DA23E /* MTATripReplacementPeriod.swift in Sources */,
				907F0E03296DDC28005DA23E /* RestVehicle.swift in Sources */,
				907F0E09296DDC36005DA23E /* MTAAlert.swift in Sources */,
			);
			runOnlyForDeploymentPostprocessing = 0;
		};
		90A983AB28CFD71B0046A19B /* Sources */ = {
			isa = PBXSourcesBuildPhase;
			buildActionMask = 2147483647;
			files = (
				90CFFFDC2E89A1580071993F /* nyct-subway.pb.swift in Sources */,
				9085487428EB96A500DE7863 /* MTAFeedMessageType.swift in Sources */,
				9059965728F37F5A006FD733 /* MTAStopTimeUpdate.swift in Sources */,
				90805430295A2830001AB1A1 /* RestResponseWrapper.swift in Sources */,
				90CFFFDA2E89A13A0071993F /* gtfs-realtime.pb.swift in Sources */,
				906B5EE92935287B00B820A6 /* DistanceUnit.swift in Sources */,
				908CB9ED28FE1084007D163F /* TrainsAtStopView.swift in Sources */,
				9059965928F37F6A006FD733 /* MTATripUpdate.swift in Sources */,
				9085487C28EB9F4300DE7863 /* MTATrip.swift in Sources */,
				9085487128EB902200DE7863 /* MTASubwayFeedURL.swift in Sources */,
				90805434295A2896001AB1A1 /* RestVehicleStatus.swift in Sources */,
				908A06AE2960F8620040F3E2 /* MTAFeedDownloadError.swift in Sources */,
				90A46B6728F228F500DED050 /* MTAVehicle.swift in Sources */,
				90805438295A28D4001AB1A1 /* RestTrip.swift in Sources */,
				9080543C295A2922001AB1A1 /* RestStopTimeUpdate.swift in Sources */,
				90A983B528CFD71B0046A19B /* ContentView.swift in Sources */,
				90805432295A2872001AB1A1 /* RestVehicle.swift in Sources */,
				90A46B6928F229CA00DED050 /* MTAVehicleStatus.swift in Sources */,
				909B162028FA1C7A002D8A33 /* VehiclesAtStopView.swift in Sources */,
				906B5EEB29353A9E00B820A6 /* SettingsView.swift in Sources */,
				909F55F728F4D89600BEC9B9 /* StopsView.swift in Sources */,
				90783D8A296CC3960038A25B /* RouteLabel.swift in Sources */,
				909F55F328F4B2F900BEC9B9 /* MTATripReplacementPeriod.swift in Sources */,
				90805436295A28BD001AB1A1 /* RestDirection.swift in Sources */,
				905385FF293C0EF5000750EA /* BannerAd.swift in Sources */,
				905AD685293176A8006110E2 /* MTAFeedDownloader.swift in Sources */,
				9085487A28EB9EDE00DE7863 /* MTAAlert.swift in Sources */,
				908B1AA228FB6AC5008ACF21 /* TripUpdatesView.swift in Sources */,
				9085487828EB9D0C00DE7863 /* MTARoute.swift in Sources */,
				90A4BEF128EE424600B210F8 /* MTADirection.swift in Sources */,
				90672E4328CFE0FF00B4BF74 /* ViewModel.swift in Sources */,
				905AD68729317EE7006110E2 /* MTAFeedWrapper.swift in Sources */,
				909F55F528F4D02500BEC9B9 /* MTARouteId.swift in Sources */,
				908A06B22960FA7B0040F3E2 /* MTAFeedConstant.swift in Sources */,
				90720791292ED615002DA887 /* LocationHelper.swift in Sources */,
				908CB9EB28FE0964007D163F /* MTATrain.swift in Sources */,
				90A983B328CFD71B0046A19B /* MTANearByApp.swift in Sources */,
				9079EEC42958C91100F8F6FE /* RestDownloader.swift in Sources */,
				905385FD293C0EED000750EA /* BannerAdViewController.swift in Sources */,
				9080543A295A2904001AB1A1 /* RestTripUpdate.swift in Sources */,
				908EC76128E255E10020CC92 /* MTAStop.swift in Sources */,
			);
			runOnlyForDeploymentPostprocessing = 0;
		};
/* End PBXSourcesBuildPhase section */

/* Begin PBXTargetDependency section */
		9079EECE2959057800F8F6FE /* PBXTargetDependency */ = {
			isa = PBXTargetDependency;
			target = 90A983AE28CFD71B0046A19B /* MTANearby */;
			targetProxy = 9079EECD2959057800F8F6FE /* PBXContainerItemProxy */;
		};
		907F0E2E296E1E5E005DA23E /* PBXTargetDependency */ = {
			isa = PBXTargetDependency;
			target = 907F0DE9296DD8B6005DA23E /* WatchMTANearby Watch App */;
			targetProxy = 907F0E2D296E1E5E005DA23E /* PBXContainerItemProxy */;
		};
/* End PBXTargetDependency section */

/* Begin XCBuildConfiguration section */
		9079EED02959057800F8F6FE /* Debug */ = {
			isa = XCBuildConfiguration;
			buildSettings = {
				BUNDLE_LOADER = "$(TEST_HOST)";
				CLANG_CXX_LANGUAGE_STANDARD = "gnu++20";
				CODE_SIGN_STYLE = Automatic;
				CURRENT_PROJECT_VERSION = 1;
				DEVELOPMENT_TEAM = RWVTTVMWBE;
				GENERATE_INFOPLIST_FILE = YES;
				IPHONEOS_DEPLOYMENT_TARGET = 16.2;
				MARKETING_VERSION = 1.0;
				PRODUCT_BUNDLE_IDENTIFIER = com.resonance.jlee.MTANearbyTests;
				PRODUCT_NAME = "$(TARGET_NAME)";
				SUPPORTED_PLATFORMS = "iphoneos iphonesimulator";
				SUPPORTS_MACCATALYST = NO;
				SUPPORTS_MAC_DESIGNED_FOR_IPHONE_IPAD = YES;
				SWIFT_EMIT_LOC_STRINGS = NO;
				SWIFT_VERSION = 6.0;
				TARGETED_DEVICE_FAMILY = "1,2";
				TEST_HOST = "$(BUILT_PRODUCTS_DIR)/MTANearby.app/$(BUNDLE_EXECUTABLE_FOLDER_PATH)/MTANearby";
			};
			name = Debug;
		};
		9079EED12959057800F8F6FE /* Release */ = {
			isa = XCBuildConfiguration;
			buildSettings = {
				BUNDLE_LOADER = "$(TEST_HOST)";
				CLANG_CXX_LANGUAGE_STANDARD = "gnu++20";
				CODE_SIGN_STYLE = Automatic;
				CURRENT_PROJECT_VERSION = 1;
				DEVELOPMENT_TEAM = RWVTTVMWBE;
				GENERATE_INFOPLIST_FILE = YES;
				IPHONEOS_DEPLOYMENT_TARGET = 16.2;
				MARKETING_VERSION = 1.0;
				PRODUCT_BUNDLE_IDENTIFIER = com.resonance.jlee.MTANearbyTests;
				PRODUCT_NAME = "$(TARGET_NAME)";
				SUPPORTED_PLATFORMS = "iphoneos iphonesimulator";
				SUPPORTS_MACCATALYST = NO;
				SUPPORTS_MAC_DESIGNED_FOR_IPHONE_IPAD = YES;
				SWIFT_EMIT_LOC_STRINGS = NO;
				SWIFT_VERSION = 6.0;
				TARGETED_DEVICE_FAMILY = "1,2";
				TEST_HOST = "$(BUILT_PRODUCTS_DIR)/MTANearby.app/$(BUNDLE_EXECUTABLE_FOLDER_PATH)/MTANearby";
			};
			name = Release;
		};
		907F0DF5296DD8B7005DA23E /* Debug */ = {
			isa = XCBuildConfiguration;
			buildSettings = {
				ASSETCATALOG_COMPILER_APPICON_NAME = AppIcon;
				ASSETCATALOG_COMPILER_GLOBAL_ACCENT_COLOR_NAME = AccentColor;
				CLANG_CXX_LANGUAGE_STANDARD = "gnu++20";
				CODE_SIGN_STYLE = Automatic;
				CURRENT_PROJECT_VERSION = 2;
				DEVELOPMENT_ASSET_PATHS = "\"WatchMTANearby Watch App/Preview Content\"";
				DEVELOPMENT_TEAM = U8VSJXRJTQ;
				ENABLE_PREVIEWS = YES;
				GENERATE_INFOPLIST_FILE = YES;
				INFOPLIST_FILE = "WatchMTANearby-Watch-App-Info.plist";
				INFOPLIST_KEY_CFBundleDisplayName = WatchMTANearby;
				INFOPLIST_KEY_NSLocationWhenInUseUsageDescription = "our location is used to provide train schedule at the nearby stations";
				INFOPLIST_KEY_UISupportedInterfaceOrientations = "UIInterfaceOrientationPortrait UIInterfaceOrientationPortraitUpsideDown";
				INFOPLIST_KEY_WKCompanionAppBundleIdentifier = com.resonance.MTANearby;
				INFOPLIST_KEY_WKRunsIndependentlyOfCompanionApp = YES;
				LD_RUNPATH_SEARCH_PATHS = (
					"$(inherited)",
					"@executable_path/Frameworks",
				);
				MARKETING_VERSION = 1.4;
				PRODUCT_BUNDLE_IDENTIFIER = com.resonance.MTANearby.watchkitextension;
				PRODUCT_NAME = "$(TARGET_NAME)";
				SDKROOT = watchos;
				SKIP_INSTALL = YES;
				SWIFT_EMIT_LOC_STRINGS = YES;
				SWIFT_VERSION = 6.0;
				TARGETED_DEVICE_FAMILY = 4;
				WATCHOS_DEPLOYMENT_TARGET = 26.0;
			};
			name = Debug;
		};
		907F0DF6296DD8B7005DA23E /* Release */ = {
			isa = XCBuildConfiguration;
			buildSettings = {
				ASSETCATALOG_COMPILER_APPICON_NAME = AppIcon;
				ASSETCATALOG_COMPILER_GLOBAL_ACCENT_COLOR_NAME = AccentColor;
				CLANG_CXX_LANGUAGE_STANDARD = "gnu++20";
				CODE_SIGN_STYLE = Automatic;
				CURRENT_PROJECT_VERSION = 2;
				DEVELOPMENT_ASSET_PATHS = "\"WatchMTANearby Watch App/Preview Content\"";
				DEVELOPMENT_TEAM = U8VSJXRJTQ;
				ENABLE_PREVIEWS = YES;
				GENERATE_INFOPLIST_FILE = YES;
				INFOPLIST_FILE = "WatchMTANearby-Watch-App-Info.plist";
				INFOPLIST_KEY_CFBundleDisplayName = WatchMTANearby;
				INFOPLIST_KEY_NSLocationWhenInUseUsageDescription = "our location is used to provide train schedule at the nearby stations";
				INFOPLIST_KEY_UISupportedInterfaceOrientations = "UIInterfaceOrientationPortrait UIInterfaceOrientationPortraitUpsideDown";
				INFOPLIST_KEY_WKCompanionAppBundleIdentifier = com.resonance.MTANearby;
				INFOPLIST_KEY_WKRunsIndependentlyOfCompanionApp = YES;
				LD_RUNPATH_SEARCH_PATHS = (
					"$(inherited)",
					"@executable_path/Frameworks",
				);
				MARKETING_VERSION = 1.4;
				PRODUCT_BUNDLE_IDENTIFIER = com.resonance.MTANearby.watchkitextension;
				PRODUCT_NAME = "$(TARGET_NAME)";
				SDKROOT = watchos;
				SKIP_INSTALL = YES;
				SWIFT_EMIT_LOC_STRINGS = YES;
				SWIFT_VERSION = 6.0;
				TARGETED_DEVICE_FAMILY = 4;
				WATCHOS_DEPLOYMENT_TARGET = 26.0;
			};
			name = Release;
		};
		90A983BB28CFD71C0046A19B /* Debug */ = {
			isa = XCBuildConfiguration;
			buildSettings = {
				ALWAYS_SEARCH_USER_PATHS = NO;
				CLANG_ANALYZER_NONNULL = YES;
				CLANG_ANALYZER_NUMBER_OBJECT_CONVERSION = YES_AGGRESSIVE;
				CLANG_CXX_LANGUAGE_STANDARD = "gnu++17";
				CLANG_ENABLE_MODULES = YES;
				CLANG_ENABLE_OBJC_ARC = YES;
				CLANG_ENABLE_OBJC_WEAK = YES;
				CLANG_WARN_BLOCK_CAPTURE_AUTORELEASING = YES;
				CLANG_WARN_BOOL_CONVERSION = YES;
				CLANG_WARN_COMMA = YES;
				CLANG_WARN_CONSTANT_CONVERSION = YES;
				CLANG_WARN_DEPRECATED_OBJC_IMPLEMENTATIONS = YES;
				CLANG_WARN_DIRECT_OBJC_ISA_USAGE = YES_ERROR;
				CLANG_WARN_DOCUMENTATION_COMMENTS = YES;
				CLANG_WARN_EMPTY_BODY = YES;
				CLANG_WARN_ENUM_CONVERSION = YES;
				CLANG_WARN_INFINITE_RECURSION = YES;
				CLANG_WARN_INT_CONVERSION = YES;
				CLANG_WARN_NON_LITERAL_NULL_CONVERSION = YES;
				CLANG_WARN_OBJC_IMPLICIT_RETAIN_SELF = YES;
				CLANG_WARN_OBJC_LITERAL_CONVERSION = YES;
				CLANG_WARN_OBJC_ROOT_CLASS = YES_ERROR;
				CLANG_WARN_QUOTED_INCLUDE_IN_FRAMEWORK_HEADER = YES;
				CLANG_WARN_RANGE_LOOP_ANALYSIS = YES;
				CLANG_WARN_STRICT_PROTOTYPES = YES;
				CLANG_WARN_SUSPICIOUS_MOVE = YES;
				CLANG_WARN_UNGUARDED_AVAILABILITY = YES_AGGRESSIVE;
				CLANG_WARN_UNREACHABLE_CODE = YES;
				CLANG_WARN__DUPLICATE_METHOD_MATCH = YES;
				COPY_PHASE_STRIP = NO;
				DEBUG_INFORMATION_FORMAT = dwarf;
				ENABLE_STRICT_OBJC_MSGSEND = YES;
				ENABLE_TESTABILITY = YES;
				ENABLE_USER_SCRIPT_SANDBOXING = YES;
				GCC_C_LANGUAGE_STANDARD = gnu11;
				GCC_DYNAMIC_NO_PIC = NO;
				GCC_NO_COMMON_BLOCKS = YES;
				GCC_OPTIMIZATION_LEVEL = 0;
				GCC_PREPROCESSOR_DEFINITIONS = (
					"DEBUG=1",
					"$(inherited)",
				);
				GCC_WARN_64_TO_32_BIT_CONVERSION = YES;
				GCC_WARN_ABOUT_RETURN_TYPE = YES_ERROR;
				GCC_WARN_UNDECLARED_SELECTOR = YES;
				GCC_WARN_UNINITIALIZED_AUTOS = YES_AGGRESSIVE;
				GCC_WARN_UNUSED_FUNCTION = YES;
				GCC_WARN_UNUSED_VARIABLE = YES;
				IPHONEOS_DEPLOYMENT_TARGET = 15.5;
				MTL_ENABLE_DEBUG_INFO = INCLUDE_SOURCE;
				MTL_FAST_MATH = YES;
				ONLY_ACTIVE_ARCH = YES;
				SDKROOT = iphoneos;
				STRING_CATALOG_GENERATE_SYMBOLS = YES;
				SWIFT_ACTIVE_COMPILATION_CONDITIONS = DEBUG;
				SWIFT_OPTIMIZATION_LEVEL = "-Onone";
				SWIFT_VERSION = 6.0;
			};
			name = Debug;
		};
		90A983BC28CFD71C0046A19B /* Release */ = {
			isa = XCBuildConfiguration;
			buildSettings = {
				ALWAYS_SEARCH_USER_PATHS = NO;
				CLANG_ANALYZER_NONNULL = YES;
				CLANG_ANALYZER_NUMBER_OBJECT_CONVERSION = YES_AGGRESSIVE;
				CLANG_CXX_LANGUAGE_STANDARD = "gnu++17";
				CLANG_ENABLE_MODULES = YES;
				CLANG_ENABLE_OBJC_ARC = YES;
				CLANG_ENABLE_OBJC_WEAK = YES;
				CLANG_WARN_BLOCK_CAPTURE_AUTORELEASING = YES;
				CLANG_WARN_BOOL_CONVERSION = YES;
				CLANG_WARN_COMMA = YES;
				CLANG_WARN_CONSTANT_CONVERSION = YES;
				CLANG_WARN_DEPRECATED_OBJC_IMPLEMENTATIONS = YES;
				CLANG_WARN_DIRECT_OBJC_ISA_USAGE = YES_ERROR;
				CLANG_WARN_DOCUMENTATION_COMMENTS = YES;
				CLANG_WARN_EMPTY_BODY = YES;
				CLANG_WARN_ENUM_CONVERSION = YES;
				CLANG_WARN_INFINITE_RECURSION = YES;
				CLANG_WARN_INT_CONVERSION = YES;
				CLANG_WARN_NON_LITERAL_NULL_CONVERSION = YES;
				CLANG_WARN_OBJC_IMPLICIT_RETAIN_SELF = YES;
				CLANG_WARN_OBJC_LITERAL_CONVERSION = YES;
				CLANG_WARN_OBJC_ROOT_CLASS = YES_ERROR;
				CLANG_WARN_QUOTED_INCLUDE_IN_FRAMEWORK_HEADER = YES;
				CLANG_WARN_RANGE_LOOP_ANALYSIS = YES;
				CLANG_WARN_STRICT_PROTOTYPES = YES;
				CLANG_WARN_SUSPICIOUS_MOVE = YES;
				CLANG_WARN_UNGUARDED_AVAILABILITY = YES_AGGRESSIVE;
				CLANG_WARN_UNREACHABLE_CODE = YES;
				CLANG_WARN__DUPLICATE_METHOD_MATCH = YES;
				COPY_PHASE_STRIP = NO;
				DEBUG_INFORMATION_FORMAT = "dwarf-with-dsym";
				ENABLE_NS_ASSERTIONS = NO;
				ENABLE_STRICT_OBJC_MSGSEND = YES;
				ENABLE_USER_SCRIPT_SANDBOXING = YES;
				GCC_C_LANGUAGE_STANDARD = gnu11;
				GCC_NO_COMMON_BLOCKS = YES;
				GCC_WARN_64_TO_32_BIT_CONVERSION = YES;
				GCC_WARN_ABOUT_RETURN_TYPE = YES_ERROR;
				GCC_WARN_UNDECLARED_SELECTOR = YES;
				GCC_WARN_UNINITIALIZED_AUTOS = YES_AGGRESSIVE;
				GCC_WARN_UNUSED_FUNCTION = YES;
				GCC_WARN_UNUSED_VARIABLE = YES;
				IPHONEOS_DEPLOYMENT_TARGET = 15.5;
				MTL_ENABLE_DEBUG_INFO = NO;
				MTL_FAST_MATH = YES;
				SDKROOT = iphoneos;
				STRING_CATALOG_GENERATE_SYMBOLS = YES;
				SWIFT_COMPILATION_MODE = wholemodule;
				SWIFT_OPTIMIZATION_LEVEL = "-O";
				SWIFT_VERSION = 6.0;
				VALIDATE_PRODUCT = YES;
			};
			name = Release;
		};
		90A983BE28CFD71C0046A19B /* Debug */ = {
			isa = XCBuildConfiguration;
			buildSettings = {
				ASSETCATALOG_COMPILER_APPICON_NAME = "AppIcon-iOS26";
				ASSETCATALOG_COMPILER_GLOBAL_ACCENT_COLOR_NAME = AccentColor;
				CODE_SIGN_STYLE = Automatic;
				CURRENT_PROJECT_VERSION = 2;
				DEVELOPMENT_ASSET_PATHS = "\"Protobuf/Preview Content\"";
				DEVELOPMENT_TEAM = U8VSJXRJTQ;
				ENABLE_PREVIEWS = YES;
				GENERATE_INFOPLIST_FILE = YES;
				INFOPLIST_FILE = "MTANearby-Info.plist";
				INFOPLIST_KEY_CFBundleDisplayName = "NYC Subway Near Me";
				INFOPLIST_KEY_LSApplicationCategoryType = "public.app-category.travel";
				INFOPLIST_KEY_NSLocationWhenInUseUsageDescription = "Your location is used to provide train schedule at the nearby stations";
				INFOPLIST_KEY_UIApplicationSceneManifest_Generation = YES;
				INFOPLIST_KEY_UIApplicationSupportsIndirectInputEvents = YES;
				INFOPLIST_KEY_UILaunchScreen_Generation = YES;
				INFOPLIST_KEY_UIRequiredDeviceCapabilities = "location-services";
				INFOPLIST_KEY_UISupportedInterfaceOrientations_iPad = "UIInterfaceOrientationPortrait UIInterfaceOrientationPortraitUpsideDown UIInterfaceOrientationLandscapeLeft UIInterfaceOrientationLandscapeRight";
				INFOPLIST_KEY_UISupportedInterfaceOrientations_iPhone = "UIInterfaceOrientationPortrait UIInterfaceOrientationLandscapeLeft UIInterfaceOrientationLandscapeRight";
				IPHONEOS_DEPLOYMENT_TARGET = 26.0;
				LD_RUNPATH_SEARCH_PATHS = (
					"$(inherited)",
					"@executable_path/Frameworks",
				);
				MARKETING_VERSION = 1.4;
				OTHER_LDFLAGS = "-ObjC";
				PRODUCT_BUNDLE_IDENTIFIER = com.resonance.MTANearby;
				PRODUCT_NAME = "$(TARGET_NAME)";
				SWIFT_EMIT_LOC_STRINGS = YES;
				SWIFT_VERSION = 6.0;
				TARGETED_DEVICE_FAMILY = "1,2";
			};
			name = Debug;
		};
		90A983BF28CFD71C0046A19B /* Release */ = {
			isa = XCBuildConfiguration;
			buildSettings = {
				ASSETCATALOG_COMPILER_APPICON_NAME = "AppIcon-iOS26";
				ASSETCATALOG_COMPILER_GLOBAL_ACCENT_COLOR_NAME = AccentColor;
				CODE_SIGN_STYLE = Automatic;
				CURRENT_PROJECT_VERSION = 2;
				DEVELOPMENT_ASSET_PATHS = "\"Protobuf/Preview Content\"";
				DEVELOPMENT_TEAM = U8VSJXRJTQ;
				ENABLE_PREVIEWS = YES;
				GENERATE_INFOPLIST_FILE = YES;
				INFOPLIST_FILE = "MTANearby-Info.plist";
				INFOPLIST_KEY_CFBundleDisplayName = "NYC Subway Near Me";
				INFOPLIST_KEY_LSApplicationCategoryType = "public.app-category.travel";
				INFOPLIST_KEY_NSLocationWhenInUseUsageDescription = "Your location is used to provide train schedule at the nearby stations";
				INFOPLIST_KEY_UIApplicationSceneManifest_Generation = YES;
				INFOPLIST_KEY_UIApplicationSupportsIndirectInputEvents = YES;
				INFOPLIST_KEY_UILaunchScreen_Generation = YES;
				INFOPLIST_KEY_UIRequiredDeviceCapabilities = "location-services";
				INFOPLIST_KEY_UISupportedInterfaceOrientations_iPad = "UIInterfaceOrientationPortrait UIInterfaceOrientationPortraitUpsideDown UIInterfaceOrientationLandscapeLeft UIInterfaceOrientationLandscapeRight";
				INFOPLIST_KEY_UISupportedInterfaceOrientations_iPhone = "UIInterfaceOrientationPortrait UIInterfaceOrientationLandscapeLeft UIInterfaceOrientationLandscapeRight";
				IPHONEOS_DEPLOYMENT_TARGET = 26.0;
				LD_RUNPATH_SEARCH_PATHS = (
					"$(inherited)",
					"@executable_path/Frameworks",
				);
				MARKETING_VERSION = 1.4;
				OTHER_LDFLAGS = "-ObjC";
				PRODUCT_BUNDLE_IDENTIFIER = com.resonance.MTANearby;
				PRODUCT_NAME = "$(TARGET_NAME)";
				SWIFT_EMIT_LOC_STRINGS = YES;
				SWIFT_VERSION = 6.0;
				TARGETED_DEVICE_FAMILY = "1,2";
			};
			name = Release;
		};
/* End XCBuildConfiguration section */

/* Begin XCConfigurationList section */
		9079EECF2959057800F8F6FE /* Build configuration list for PBXNativeTarget "MTANearbyTests" */ = {
			isa = XCConfigurationList;
			buildConfigurations = (
				9079EED02959057800F8F6FE /* Debug */,
				9079EED12959057800F8F6FE /* Release */,
			);
			defaultConfigurationIsVisible = 0;
			defaultConfigurationName = Release;
		};
		907F0DF7296DD8B7005DA23E /* Build configuration list for PBXNativeTarget "WatchMTANearby Watch App" */ = {
			isa = XCConfigurationList;
			buildConfigurations = (
				907F0DF5296DD8B7005DA23E /* Debug */,
				907F0DF6296DD8B7005DA23E /* Release */,
			);
			defaultConfigurationIsVisible = 0;
			defaultConfigurationName = Release;
		};
		90A983AA28CFD71B0046A19B /* Build configuration list for PBXProject "MTANearby" */ = {
			isa = XCConfigurationList;
			buildConfigurations = (
				90A983BB28CFD71C0046A19B /* Debug */,
				90A983BC28CFD71C0046A19B /* Release */,
			);
			defaultConfigurationIsVisible = 0;
			defaultConfigurationName = Release;
		};
		90A983BD28CFD71C0046A19B /* Build configuration list for PBXNativeTarget "MTANearby" */ = {
			isa = XCConfigurationList;
			buildConfigurations = (
				90A983BE28CFD71C0046A19B /* Debug */,
				90A983BF28CFD71C0046A19B /* Release */,
			);
			defaultConfigurationIsVisible = 0;
			defaultConfigurationName = Release;
		};
/* End XCConfigurationList section */

/* Begin XCRemoteSwiftPackageReference section */
		905385F9293C0D70000750EA /* XCRemoteSwiftPackageReference "swift-package-manager-google-mobile-ads" */ = {
			isa = XCRemoteSwiftPackageReference;
			repositoryURL = "https://github.com/googleads/swift-package-manager-google-mobile-ads.git";
			requirement = {
				kind = exactVersion;
				version = 12.11.0;
			};
		};
		908EC75D28E255B10020CC92 /* XCRemoteSwiftPackageReference "CodableCSV" */ = {
			isa = XCRemoteSwiftPackageReference;
			repositoryURL = "https://github.com/dehesa/CodableCSV";
			requirement = {
				kind = upToNextMajorVersion;
				minimumVersion = 0.6.7;
			};
		};
		90A983C028CFD79E0046A19B /* XCRemoteSwiftPackageReference "swift-protobuf" */ = {
			isa = XCRemoteSwiftPackageReference;
			repositoryURL = "https://github.com/apple/swift-protobuf.git";
			requirement = {
				kind = upToNextMajorVersion;
				minimumVersion = 1.31.1;
			};
		};
/* End XCRemoteSwiftPackageReference section */

/* Begin XCSwiftPackageProductDependency section */
		905385FA293C0D70000750EA /* GoogleMobileAds */ = {
			isa = XCSwiftPackageProductDependency;
			package = 905385F9293C0D70000750EA /* XCRemoteSwiftPackageReference "swift-package-manager-google-mobile-ads" */;
			productName = GoogleMobileAds;
		};
		907F0DFA296DDBF9005DA23E /* CodableCSV */ = {
			isa = XCSwiftPackageProductDependency;
			package = 908EC75D28E255B10020CC92 /* XCRemoteSwiftPackageReference "CodableCSV" */;
			productName = CodableCSV;
		};
		907F0E1A296DDC82005DA23E /* SwiftProtobuf */ = {
			isa = XCSwiftPackageProductDependency;
			package = 90A983C028CFD79E0046A19B /* XCRemoteSwiftPackageReference "swift-protobuf" */;
			productName = SwiftProtobuf;
		};
		908EC75E28E255B20020CC92 /* CodableCSV */ = {
			isa = XCSwiftPackageProductDependency;
			package = 908EC75D28E255B10020CC92 /* XCRemoteSwiftPackageReference "CodableCSV" */;
			productName = CodableCSV;
		};
		90A983C128CFD79E0046A19B /* SwiftProtobuf */ = {
			isa = XCSwiftPackageProductDependency;
			package = 90A983C028CFD79E0046A19B /* XCRemoteSwiftPackageReference "swift-protobuf" */;
			productName = SwiftProtobuf;
		};
/* End XCSwiftPackageProductDependency section */
	};
	rootObject = 90A983A728CFD71B0046A19B /* Project object */;
}
